
Microsoft Visual Studio Solution File, Format Version 12.00
# Visual Studio Version 16
VisualStudioVersion = 16.0.31424.327
MinimumVisualStudioVersion = 10.0.40219.1
Project("{FAE04EC0-301F-11D3-BF4B-00C04F79EFBC}") = "announcement-back-end", "announcement-back-end\announcement-back-end.csproj", "{9F559CD4-9C18-4E00-8B6A-6F2BA2D67D75}"
EndProject
Global
	GlobalSection(SolutionConfigurationPlatforms) = preSolution
		Debug|Any CPU = Debug|Any CPU
		Release|Any CPU = Release|Any CPU
	EndGlobalSection
	GlobalSection(ProjectConfigurationPlatforms) = postSolution
		{9F559CD4-9C18-4E00-8B6A-6F2BA2D67D75}.Debug|Any CPU.ActiveCfg = Debug|Any CPU
		{9F559CD4-9C18-4E00-8B6A-6F2BA2D67D75}.Debug|Any CPU.Build.0 = Debug|Any CPU
		{9F559CD4-9C18-4E00-8B6A-6F2BA2D67D75}.Release|Any CPU.ActiveCfg = Release|Any CPU
		{9F559CD4-9C18-4E00-8B6A-6F2BA2D67D75}.Release|Any CPU.Build.0 = Release|Any CPU
	EndGlobalSection
	GlobalSection(SolutionProperties) = preSolution
		HideSolutionNode = FALSE
	EndGlobalSection
	GlobalSection(ExtensibilityGlobals) = postSolution
		SolutionGuid = {2F71B5B9-6A75-4AF6-9F0C-DB6BC4332623}
	EndGlobalSection
EndGlobal
